
Microsoft Visual Studio Solution File, Format Version 12.00
# Visual Studio Version 17
VisualStudioVersion = 17.5.33516.290
MinimumVisualStudioVersion = 10.0.40219.1
Project("{FAE04EC0-301F-11D3-BF4B-00C04F79EFBC}") = "DoublyLinkedListWithErrors", "DoublyLinkedListWithErrors\DoublyLinkedListWithErrors.csproj", "{8A96D9B2-C0A0-48B2-A32D-8498ACDC1A01}"
EndProject
Project("{FAE04EC0-301F-11D3-BF4B-00C04F79EFBC}") = "Unit_Testing", "Unit_Testing\Unit_Testing.csproj", "{C62048DA-FD23-45CC-976B-618BAC7C953E}"
EndProject
Global
	GlobalSection(SolutionConfigurationPlatforms) = preSolution
		Debug|Any CPU = Debug|Any CPU
		Release|Any CPU = Release|Any CPU
	EndGlobalSection
	GlobalSection(ProjectConfigurationPlatforms) = postSolution
		{8A96D9B2-C0A0-48B2-A32D-8498ACDC1A01}.Debug|Any CPU.ActiveCfg = Debug|Any CPU
		{8A96D9B2-C0A0-48B2-A32D-8498ACDC1A01}.Debug|Any CPU.Build.0 = Debug|Any CPU
		{8A96D9B2-C0A0-48B2-A32D-8498ACDC1A01}.Release|Any CPU.ActiveCfg = Release|Any CPU
		{8A96D9B2-C0A0-48B2-A32D-8498ACDC1A01}.Release|Any CPU.Build.0 = Release|Any CPU
		{C62048DA-FD23-45CC-976B-618BAC7C953E}.Debug|Any CPU.ActiveCfg = Debug|Any CPU
		{C62048DA-FD23-45CC-976B-618BAC7C953E}.Debug|Any CPU.Build.0 = Debug|Any CPU
		{C62048DA-FD23-45CC-976B-618BAC7C953E}.Release|Any CPU.ActiveCfg = Release|Any CPU
		{C62048DA-FD23-45CC-976B-618BAC7C953E}.Release|Any CPU.Build.0 = Release|Any CPU
	EndGlobalSection
	GlobalSection(SolutionProperties) = preSolution
		HideSolutionNode = FALSE
	EndGlobalSection
	GlobalSection(ExtensibilityGlobals) = postSolution
		SolutionGuid = {D7C84D02-A5E9-4A90-A9BD-89B1F8A38B2C}
	EndGlobalSection
EndGlobal
